
Microsoft Visual Studio Solution File, Format Version 12.00
# Visual Studio Version 17
VisualStudioVersion = 17.9.34701.34
MinimumVisualStudioVersion = 10.0.40219.1
Project("{9A19103F-16F7-4668-BE54-9A1E7A4F7556}") = "WebStoreApi", "WebStoreApi\WebStoreApi.csproj", "{074BBE1E-2085-4129-936B-575A1D3C5E6E}"
EndProject
Global
	GlobalSection(SolutionConfigurationPlatforms) = preSolution
		Debug|Any CPU = Debug|Any CPU
		Release|Any CPU = Release|Any CPU
	EndGlobalSection
	GlobalSection(ProjectConfigurationPlatforms) = postSolution
		{074BBE1E-2085-4129-936B-575A1D3C5E6E}.Debug|Any CPU.ActiveCfg = Debug|Any CPU
		{074BBE1E-2085-4129-936B-575A1D3C5E6E}.Debug|Any CPU.Build.0 = Debug|Any CPU
		{074BBE1E-2085-4129-936B-575A1D3C5E6E}.Release|Any CPU.ActiveCfg = Release|Any CPU
		{074BBE1E-2085-4129-936B-575A1D3C5E6E}.Release|Any CPU.Build.0 = Release|Any CPU
	EndGlobalSection
	GlobalSection(SolutionProperties) = preSolution
		HideSolutionNode = FALSE
	EndGlobalSection
	GlobalSection(ExtensibilityGlobals) = postSolution
		SolutionGuid = {D872411A-DBCC-479F-899A-EB0D081263D0}
	EndGlobalSection
EndGlobal
